
Microsoft Visual Studio Solution File, Format Version 12.00
# Visual Studio 2015
Project("{FAE04EC0-301F-11D3-BF4B-00C04F79EFBC}") = "AoC_Day1", "AoC_Day1.csproj", "{4A41C33D-9559-5BB9-F29B-E9578AACFBDD}"
EndProject
Project("{FAE04EC0-301F-11D3-BF4B-00C04F79EFBC}") = "AoC_Day1.Editor", "AoC_Day1.Editor.csproj", "{FC63CE16-5EA2-C0A6-F5E6-DAA17F7A200C}"
EndProject
Global
	GlobalSection(SolutionConfigurationPlatforms) = preSolution
		Debug|Any CPU = Debug|Any CPU
		Release|Any CPU = Release|Any CPU
	EndGlobalSection
	GlobalSection(ProjectConfigurationPlatforms) = postSolution
		{4A41C33D-9559-5BB9-F29B-E9578AACFBDD}.Debug|Any CPU.ActiveCfg = Debug|Any CPU
		{4A41C33D-9559-5BB9-F29B-E9578AACFBDD}.Debug|Any CPU.Build.0 = Debug|Any CPU
		{4A41C33D-9559-5BB9-F29B-E9578AACFBDD}.Release|Any CPU.ActiveCfg = Release|Any CPU
		{4A41C33D-9559-5BB9-F29B-E9578AACFBDD}.Release|Any CPU.Build.0 = Release|Any CPU
		{FC63CE16-5EA2-C0A6-F5E6-DAA17F7A200C}.Debug|Any CPU.ActiveCfg = Debug|Any CPU
		{FC63CE16-5EA2-C0A6-F5E6-DAA17F7A200C}.Debug|Any CPU.Build.0 = Debug|Any CPU
		{FC63CE16-5EA2-C0A6-F5E6-DAA17F7A200C}.Release|Any CPU.ActiveCfg = Release|Any CPU
		{FC63CE16-5EA2-C0A6-F5E6-DAA17F7A200C}.Release|Any CPU.Build.0 = Release|Any CPU
	EndGlobalSection
	GlobalSection(SolutionProperties) = preSolution
		HideSolutionNode = FALSE
	EndGlobalSection
EndGlobal
